// !$*UTF8*$!
{
	archiveVersion = 1;
	classes = {
	};
	objectVersion = 50;
	objects = {

/* Begin PBXBuildFile section */
		285276CC225386B000346D32 /* AppDelegate.m in Sources */ = {isa = PBXBuildFile; fileRef = 285276CB225386B000346D32 /* AppDelegate.m */; };
		285276CF225386B000346D32 /* ViewController.m in Sources */ = {isa = PBXBuildFile; fileRef = 285276CE225386B000346D32 /* ViewController.m */; };
		285276D2225386B100346D32 /* Main.storyboard in Resources */ = {isa = PBXBuildFile; fileRef = 285276D0225386B100346D32 /* Main.storyboard */; };
		285276D5225386B100346D32 /* BackModeDemo.xcdatamodeld in Sources */ = {isa = PBXBuildFile; fileRef = 285276D3225386B100346D32 /* BackModeDemo.xcdatamodeld */; };
		285276D7225386B200346D32 /* Assets.xcassets in Resources */ = {isa = PBXBuildFile; fileRef = 285276D6225386B200346D32 /* Assets.xcassets */; };
		285276DA225386B200346D32 /* LaunchScreen.storyboard in Resources */ = {isa = PBXBuildFile; fileRef = 285276D8225386B200346D32 /* LaunchScreen.storyboard */; };
		285276DD225386B200346D32 /* main.m in Sources */ = {isa = PBXBuildFile; fileRef = 285276DC225386B200346D32 /* main.m */; };
		285276E7225386B200346D32 /* BackModeDemoTests.m in Sources */ = {isa = PBXBuildFile; fileRef = 285276E6225386B200346D32 /* BackModeDemoTests.m */; };
		285276F2225386B200346D32 /* BackModeDemoUITests.m in Sources */ = {isa = PBXBuildFile; fileRef = 285276F1225386B200346D32 /* BackModeDemoUITests.m */; };
		28527706225396D600346D32 /* LiveController.m in Sources */ = {isa = PBXBuildFile; fileRef = 28527705225396D600346D32 /* LiveController.m */; };
		28AD7516225710E300E3271D /* backMusic.mp3 in Resources */ = {isa = PBXBuildFile; fileRef = 28AD7511225710E300E3271D /* backMusic.mp3 */; };
		28AD7517225710E300E3271D /* FMKeepVCManager.m in Sources */ = {isa = PBXBuildFile; fileRef = 28AD7512225710E300E3271D /* FMKeepVCManager.m */; };
		28AD7518225710E300E3271D /* FMBackModeManager.m in Sources */ = {isa = PBXBuildFile; fileRef = 28AD7513225710E300E3271D /* FMBackModeManager.m */; };
/* End PBXBuildFile section */

/* Begin PBXContainerItemProxy section */
		285276E3225386B200346D32 /* PBXContainerItemProxy */ = {
			isa = PBXContainerItemProxy;
			containerPortal = 285276BF225386B000346D32 /* Project object */;
			proxyType = 1;
			remoteGlobalIDString = 285276C6225386B000346D32;
			remoteInfo = BackModeDemo;
		};
		285276EE225386B200346D32 /* PBXContainerItemProxy */ = {
			isa = PBXContainerItemProxy;
			containerPortal = 285276BF225386B000346D32 /* Project object */;
			proxyType = 1;
			remoteGlobalIDString = 285276C6225386B000346D32;
			remoteInfo = BackModeDemo;
		};
/* End PBXContainerItemProxy section */

/* Begin PBXFileReference section */
		285276C7225386B000346D32 /* BackModeDemo.app */ = {isa = PBXFileReference; explicitFileType = wrapper.application; includeInIndex = 0; path = BackModeDemo.app; sourceTree = BUILT_PRODUCTS_DIR; };
		285276CA225386B000346D32 /* AppDelegate.h */ = {isa = PBXFileReference; lastKnownFileType = sourcecode.c.h; path = AppDelegate.h; sourceTree = "<group>"; };
		285276CB225386B000346D32 /* AppDelegate.m */ = {isa = PBXFileReference; lastKnownFileType = sourcecode.c.objc; path = AppDelegate.m; sourceTree = "<group>"; };
		285276CD225386B000346D32 /* ViewController.h */ = {isa = PBXFileReference; lastKnownFileType = sourcecode.c.h; path = ViewController.h; sourceTree = "<group>"; };
		285276CE225386B000346D32 /* ViewController.m */ = {isa = PBXFileReference; lastKnownFileType = sourcecode.c.objc; path = ViewController.m; sourceTree = "<group>"; };
		285276D1225386B100346D32 /* Base */ = {isa = PBXFileReference; lastKnownFileType = file.storyboard; name = Base; path = Base.lproj/Main.storyboard; sourceTree = "<group>"; };
		285276D4225386B100346D32 /* BackModeDemo.xcdatamodel */ = {isa = PBXFileReference; lastKnownFileType = wrapper.xcdatamodel; path = BackModeDemo.xcdatamodel; sourceTree = "<group>"; };
		285276D6225386B200346D32 /* Assets.xcassets */ = {isa = PBXFileReference; lastKnownFileType = folder.assetcatalog; path = Assets.xcassets; sourceTree = "<group>"; };
		285276D9225386B200346D32 /* Base */ = {isa = PBXFileReference; lastKnownFileType = file.storyboard; name = Base; path = Base.lproj/LaunchScreen.storyboard; sourceTree = "<group>"; };
		285276DB225386B200346D32 /* Info.plist */ = {isa = PBXFileReference; lastKnownFileType = text.plist.xml; path = Info.plist; sourceTree = "<group>"; };
		285276DC225386B200346D32 /* main.m */ = {isa = PBXFileReference; lastKnownFileType = sourcecode.c.objc; path = main.m; sourceTree = "<group>"; };
		285276E2225386B200346D32 /* BackModeDemoTests.xctest */ = {isa = PBXFileReference; explicitFileType = wrapper.cfbundle; includeInIndex = 0; path = BackModeDemoTests.xctest; sourceTree = BUILT_PRODUCTS_DIR; };
		285276E6225386B200346D32 /* BackModeDemoTests.m */ = {isa = PBXFileReference; lastKnownFileType = sourcecode.c.objc; path = BackModeDemoTests.m; sourceTree = "<group>"; };
		285276E8225386B200346D32 /* Info.plist */ = {isa = PBXFileReference; lastKnownFileType = text.plist.xml; path = Info.plist; sourceTree = "<group>"; };
		285276ED225386B200346D32 /* BackModeDemoUITests.xctest */ = {isa = PBXFileReference; explicitFileType = wrapper.cfbundle; includeInIndex = 0; path = BackModeDemoUITests.xctest; sourceTree = BUILT_PRODUCTS_DIR; };
		285276F1225386B200346D32 /* BackModeDemoUITests.m */ = {isa = PBXFileReference; lastKnownFileType = sourcecode.c.objc; path = BackModeDemoUITests.m; sourceTree = "<group>"; };
		285276F3225386B200346D32 /* Info.plist */ = {isa = PBXFileReference; lastKnownFileType = text.plist.xml; path = Info.plist; sourceTree = "<group>"; };
		28527704225396D600346D32 /* LiveController.h */ = {isa = PBXFileReference; lastKnownFileType = sourcecode.c.h; path = LiveController.h; sourceTree = "<group>"; };
		28527705225396D600346D32 /* LiveController.m */ = {isa = PBXFileReference; lastKnownFileType = sourcecode.c.objc; path = LiveController.m; sourceTree = "<group>"; };
		28AD7511225710E300E3271D /* backMusic.mp3 */ = {isa = PBXFileReference; lastKnownFileType = audio.mp3; path = backMusic.mp3; sourceTree = "<group>"; };
		28AD7512225710E300E3271D /* FMKeepVCManager.m */ = {isa = PBXFileReference; fileEncoding = 4; lastKnownFileType = sourcecode.c.objc; path = FMKeepVCManager.m; sourceTree = "<group>"; };
		28AD7513225710E300E3271D /* FMBackModeManager.m */ = {isa = PBXFileReference; fileEncoding = 4; lastKnownFileType = sourcecode.c.objc; path = FMBackModeManager.m; sourceTree = "<group>"; };
		28AD7514225710E300E3271D /* FMKeepVCManager.h */ = {isa = PBXFileReference; fileEncoding = 4; lastKnownFileType = sourcecode.c.h; path = FMKeepVCManager.h; sourceTree = "<group>"; };
		28AD7515225710E300E3271D /* FMBackModeManager.h */ = {isa = PBXFileReference; fileEncoding = 4; lastKnownFileType = sourcecode.c.h; path = FMBackModeManager.h; sourceTree = "<group>"; };
/* End PBXFileReference section */

/* Begin PBXFrameworksBuildPhase section */
		285276C4225386B000346D32 /* Frameworks */ = {
			isa = PBXFrameworksBuildPhase;
			buildActionMask = 2147483647;
			files = (
			);
			runOnlyForDeploymentPostprocessing = 0;
		};
		285276DF225386B200346D32 /* Frameworks */ = {
			isa = PBXFrameworksBuildPhase;
			buildActionMask = 2147483647;
			files = (
			);
			runOnlyForDeploymentPostprocessing = 0;
		};
		285276EA225386B200346D32 /* Frameworks */ = {
			isa = PBXFrameworksBuildPhase;
			buildActionMask = 2147483647;
			files = (
			);
			runOnlyForDeploymentPostprocessing = 0;
		};
/* End PBXFrameworksBuildPhase section */

/* Begin PBXGroup section */
		285276BE225386B000346D32 = {
			isa = PBXGroup;
			children = (
				285276C9225386B000346D32 /* BackModeDemo */,
				285276E5225386B200346D32 /* BackModeDemoTests */,
				285276F0225386B200346D32 /* BackModeDemoUITests */,
				285276C8225386B000346D32 /* Products */,
			);
			sourceTree = "<group>";
		};
		285276C8225386B000346D32 /* Products */ = {
			isa = PBXGroup;
			children = (
				285276C7225386B000346D32 /* BackModeDemo.app */,
				285276E2225386B200346D32 /* BackModeDemoTests.xctest */,
				285276ED225386B200346D32 /* BackModeDemoUITests.xctest */,
			);
			name = Products;
			sourceTree = "<group>";
		};
		285276C9225386B000346D32 /* BackModeDemo */ = {
			isa = PBXGroup;
			children = (
				28AD7510225710E300E3271D /* BackMode */,
				285276CA225386B000346D32 /* AppDelegate.h */,
				285276CB225386B000346D32 /* AppDelegate.m */,
				285276CD225386B000346D32 /* ViewController.h */,
				285276CE225386B000346D32 /* ViewController.m */,
				28527704225396D600346D32 /* LiveController.h */,
				28527705225396D600346D32 /* LiveController.m */,
				285276D0225386B100346D32 /* Main.storyboard */,
				285276D6225386B200346D32 /* Assets.xcassets */,
				285276D8225386B200346D32 /* LaunchScreen.storyboard */,
				285276DB225386B200346D32 /* Info.plist */,
				285276DC225386B200346D32 /* main.m */,
				285276D3225386B100346D32 /* BackModeDemo.xcdatamodeld */,
			);
			path = BackModeDemo;
			sourceTree = "<group>";
		};
		285276E5225386B200346D32 /* BackModeDemoTests */ = {
			isa = PBXGroup;
			children = (
				285276E6225386B200346D32 /* BackModeDemoTests.m */,
				285276E8225386B200346D32 /* Info.plist */,
			);
			path = BackModeDemoTests;
			sourceTree = "<group>";
		};
		285276F0225386B200346D32 /* BackModeDemoUITests */ = {
			isa = PBXGroup;
			children = (
				285276F1225386B200346D32 /* BackModeDemoUITests.m */,
				285276F3225386B200346D32 /* Info.plist */,
			);
			path = BackModeDemoUITests;
			sourceTree = "<group>";
		};
		28AD7510225710E300E3271D /* BackMode */ = {
			isa = PBXGroup;
			children = (
				28AD7511225710E300E3271D /* backMusic.mp3 */,
				28AD7514225710E300E3271D /* FMKeepVCManager.h */,
				28AD7512225710E300E3271D /* FMKeepVCManager.m */,
				28AD7515225710E300E3271D /* FMBackModeManager.h */,
				28AD7513225710E300E3271D /* FMBackModeManager.m */,
			);
			path = BackMode;
			sourceTree = "<group>";
		};
/* End PBXGroup section */

/* Begin PBXNativeTarget section */
		285276C6225386B000346D32 /* BackModeDemo */ = {
			isa = PBXNativeTarget;
			buildConfigurationList = 285276F6225386B200346D32 /* Build configuration list for PBXNativeTarget "BackModeDemo" */;
			buildPhases = (
				285276C3225386B000346D32 /* Sources */,
				285276C4225386B000346D32 /* Frameworks */,
				285276C5225386B000346D32 /* Resources */,
			);
			buildRules = (
			);
			dependencies = (
			);
			name = BackModeDemo;
			productName = BackModeDemo;
			productReference = 285276C7225386B000346D32 /* BackModeDemo.app */;
			productType = "com.apple.product-type.application";
		};
		285276E1225386B200346D32 /* BackModeDemoTests */ = {
			isa = PBXNativeTarget;
			buildConfigurationList = 285276F9225386B200346D32 /* Build configuration list for PBXNativeTarget "BackModeDemoTests" */;
			buildPhases = (
				285276DE225386B200346D32 /* Sources */,
				285276DF225386B200346D32 /* Frameworks */,
				285276E0225386B200346D32 /* Resources */,
			);
			buildRules = (
			);
			dependencies = (
				285276E4225386B200346D32 /* PBXTargetDependency */,
			);
			name = BackModeDemoTests;
			productName = BackModeDemoTests;
			productReference = 285276E2225386B200346D32 /* BackModeDemoTests.xctest */;
			productType = "com.apple.product-type.bundle.unit-test";
		};
		285276EC225386B200346D32 /* BackModeDemoUITests */ = {
			isa = PBXNativeTarget;
			buildConfigurationList = 285276FC225386B200346D32 /* Build configuration list for PBXNativeTarget "BackModeDemoUITests" */;
			buildPhases = (
				285276E9225386B200346D32 /* Sources */,
				285276EA225386B200346D32 /* Frameworks */,
				285276EB225386B200346D32 /* Resources */,
			);
			buildRules = (
			);
			dependencies = (
				285276EF225386B200346D32 /* PBXTargetDependency */,
			);
			name = BackModeDemoUITests;
			productName = BackModeDemoUITests;
			productReference = 285276ED225386B200346D32 /* BackModeDemoUITests.xctest */;
			productType = "com.apple.product-type.bundle.ui-testing";
		};
/* End PBXNativeTarget section */

/* Begin PBXProject section */
		285276BF225386B000346D32 /* Project object */ = {
			isa = PBXProject;
			attributes = {
				LastUpgradeCheck = 1010;
				ORGANIZATIONNAME = Rayor;
				TargetAttributes = {
					285276C6225386B000346D32 = {
						CreatedOnToolsVersion = 10.1;
						SystemCapabilities = {
							com.apple.BackgroundModes = {
								enabled = 1;
							};
						};
					};
					285276E1225386B200346D32 = {
						CreatedOnToolsVersion = 10.1;
						TestTargetID = 285276C6225386B000346D32;
					};
					285276EC225386B200346D32 = {
						CreatedOnToolsVersion = 10.1;
						TestTargetID = 285276C6225386B000346D32;
					};
				};
			};
			buildConfigurationList = 285276C2225386B000346D32 /* Build configuration list for PBXProject "BackModeDemo" */;
			compatibilityVersion = "Xcode 9.3";
			developmentRegion = en;
			hasScannedForEncodings = 0;
			knownRegions = (
				en,
				Base,
			);
			mainGroup = 285276BE225386B000346D32;
			productRefGroup = 285276C8225386B000346D32 /* Products */;
			projectDirPath = "";
			projectRoot = "";
			targets = (
				285276C6225386B000346D32 /* BackModeDemo */,
				285276E1225386B200346D32 /* BackModeDemoTests */,
				285276EC225386B200346D32 /* BackModeDemoUITests */,
			);
		};
/* End PBXProject section */

/* Begin PBXResourcesBuildPhase section */
		285276C5225386B000346D32 /* Resources */ = {
			isa = PBXResourcesBuildPhase;
			buildActionMask = 2147483647;
			files = (
				285276DA225386B200346D32 /* LaunchScreen.storyboard in Resources */,
				28AD7516225710E300E3271D /* backMusic.mp3 in Resources */,
				285276D7225386B200346D32 /* Assets.xcassets in Resources */,
				285276D2225386B100346D32 /* Main.storyboard in Resources */,
			);
			runOnlyForDeploymentPostprocessing = 0;
		};
		285276E0225386B200346D32 /* Resources */ = {
			isa = PBXResourcesBuildPhase;
			buildActionMask = 2147483647;
			files = (
			);
			runOnlyForDeploymentPostprocessing = 0;
		};
		285276EB225386B200346D32 /* Resources */ = {
			isa = PBXResourcesBuildPhase;
			buildActionMask = 2147483647;
			files = (
			);
			runOnlyForDeploymentPostprocessing = 0;
		};
/* End PBXResourcesBuildPhase section */

/* Begin PBXSourcesBuildPhase section */
		285276C3225386B000346D32 /* Sources */ = {
			isa = PBXSourcesBuildPhase;
			buildActionMask = 2147483647;
			files = (
				28AD7517225710E300E3271D /* FMKeepVCManager.m in Sources */,
				28527706225396D600346D32 /* LiveController.m in Sources */,
				285276CF225386B000346D32 /* ViewController.m in Sources */,
				28AD7518225710E300E3271D /* FMBackModeManager.m in Sources */,
				285276CC225386B000346D32 /* AppDelegate.m in Sources */,
				285276DD225386B200346D32 /* main.m in Sources */,
				285276D5225386B100346D32 /* BackModeDemo.xcdatamodeld in Sources */,
			);
			runOnlyForDeploymentPostprocessing = 0;
		};
		285276DE225386B200346D32 /* Sources */ = {
			isa = PBXSourcesBuildPhase;
			buildActionMask = 2147483647;
			files = (
				285276E7225386B200346D32 /* BackModeDemoTests.m in Sources */,
			);
			runOnlyForDeploymentPostprocessing = 0;
		};
		285276E9225386B200346D32 /* Sources */ = {
			isa = PBXSourcesBuildPhase;
			buildActionMask = 2147483647;
			files = (
				285276F2225386B200346D32 /* BackModeDemoUITests.m in Sources */,
			);
			runOnlyForDeploymentPostprocessing = 0;
		};
/* End PBXSourcesBuildPhase section */

/* Begin PBXTargetDependency section */
		285276E4225386B200346D32 /* PBXTargetDependency */ = {
			isa = PBXTargetDependency;
			target = 285276C6225386B000346D32 /* BackModeDemo */;
			targetProxy = 285276E3225386B200346D32 /* PBXContainerItemProxy */;
		};
		285276EF225386B200346D32 /* PBXTargetDependency */ = {
			isa = PBXTargetDependency;
			target = 285276C6225386B000346D32 /* BackModeDemo */;
			targetProxy = 285276EE225386B200346D32 /* PBXContainerItemProxy */;
		};
/* End PBXTargetDependency section */

/* Begin PBXVariantGroup section */
		285276D0225386B100346D32 /* Main.storyboard */ = {
			isa = PBXVariantGroup;
			children = (
				285276D1225386B100346D32 /* Base */,
			);
			name = Main.storyboard;
			sourceTree = "<group>";
		};
		285276D8225386B200346D32 /* LaunchScreen.storyboard */ = {
			isa = PBXVariantGroup;
			children = (
				285276D9225386B200346D32 /* Base */,
			);
			name = LaunchScreen.storyboard;
			sourceTree = "<group>";
		};
/* End PBXVariantGroup section */

/* Begin XCBuildConfiguration section */
		285276F4225386B200346D32 /* Debug */ = {
			isa = XCBuildConfiguration;
			buildSettings = {
				ALWAYS_SEARCH_USER_PATHS = NO;
				CLANG_ANALYZER_NONNULL = YES;
				CLANG_ANALYZER_NUMBER_OBJECT_CONVERSION = YES_AGGRESSIVE;
				CLANG_CXX_LANGUAGE_STANDARD = "gnu++14";
				CLANG_CXX_LIBRARY = "libc++";
				CLANG_ENABLE_MODULES = YES;
				CLANG_ENABLE_OBJC_ARC = YES;
				CLANG_ENABLE_OBJC_WEAK = YES;
				CLANG_WARN_BLOCK_CAPTURE_AUTORELEASING = YES;
				CLANG_WARN_BOOL_CONVERSION = YES;
				CLANG_WARN_COMMA = YES;
				CLANG_WARN_CONSTANT_CONVERSION = YES;
				CLANG_WARN_DEPRECATED_OBJC_IMPLEMENTATIONS = YES;
				CLANG_WARN_DIRECT_OBJC_ISA_USAGE = YES_ERROR;
				CLANG_WARN_DOCUMENTATION_COMMENTS = YES;
				CLANG_WARN_EMPTY_BODY = YES;
				CLANG_WARN_ENUM_CONVERSION = YES;
				CLANG_WARN_INFINITE_RECURSION = YES;
				CLANG_WARN_INT_CONVERSION = YES;
				CLANG_WARN_NON_LITERAL_NULL_CONVERSION = YES;
				CLANG_WARN_OBJC_IMPLICIT_RETAIN_SELF = YES;
				CLANG_WARN_OBJC_LITERAL_CONVERSION = YES;
				CLANG_WARN_OBJC_ROOT_CLASS = YES_ERROR;
				CLANG_WARN_RANGE_LOOP_ANALYSIS = YES;
				CLANG_WARN_STRICT_PROTOTYPES = YES;
				CLANG_WARN_SUSPICIOUS_MOVE = YES;
				CLANG_WARN_UNGUARDED_AVAILABILITY = YES_AGGRESSIVE;
				CLANG_WARN_UNREACHABLE_CODE = YES;
				CLANG_WARN__DUPLICATE_METHOD_MATCH = YES;
				CODE_SIGN_IDENTITY = "iPhone Developer";
				COPY_PHASE_STRIP = NO;
				DEBUG_INFORMATION_FORMAT = dwarf;
				ENABLE_STRICT_OBJC_MSGSEND = YES;
				ENABLE_TESTABILITY = YES;
				GCC_C_LANGUAGE_STANDARD = gnu11;
				GCC_DYNAMIC_NO_PIC = NO;
				GCC_NO_COMMON_BLOCKS = YES;
				GCC_OPTIMIZATION_LEVEL = 0;
				GCC_PREPROCESSOR_DEFINITIONS = (
					"DEBUG=1",
					"$(inherited)",
				);
				GCC_WARN_64_TO_32_BIT_CONVERSION = YES;
				GCC_WARN_ABOUT_RETURN_TYPE = YES_ERROR;
				GCC_WARN_UNDECLARED_SELECTOR = YES;
				GCC_WARN_UNINITIALIZED_AUTOS = YES_AGGRESSIVE;
				GCC_WARN_UNUSED_FUNCTION = YES;
				GCC_WARN_UNUSED_VARIABLE = YES;
				IPHONEOS_DEPLOYMENT_TARGET = 12.1;
				MTL_ENABLE_DEBUG_INFO = INCLUDE_SOURCE;
				MTL_FAST_MATH = YES;
				ONLY_ACTIVE_ARCH = YES;
				SDKROOT = iphoneos;
			};
			name = Debug;
		};
		285276F5225386B200346D32 /* Release */ = {
			isa = XCBuildConfiguration;
			buildSettings = {
				ALWAYS_SEARCH_USER_PATHS = NO;
				CLANG_ANALYZER_NONNULL = YES;
				CLANG_ANALYZER_NUMBER_OBJECT_CONVERSION = YES_AGGRESSIVE;
				CLANG_CXX_LANGUAGE_STANDARD = "gnu++14";
				CLANG_CXX_LIBRARY = "libc++";
				CLANG_ENABLE_MODULES = YES;
				CLANG_ENABLE_OBJC_ARC = YES;
				CLANG_ENABLE_OBJC_WEAK = YES;
				CLANG_WARN_BLOCK_CAPTURE_AUTORELEASING = YES;
				CLANG_WARN_BOOL_CONVERSION = YES;
				CLANG_WARN_COMMA = YES;
				CLANG_WARN_CONSTANT_CONVERSION = YES;
				CLANG_WARN_DEPRECATED_OBJC_IMPLEMENTATIONS = YES;
				CLANG_WARN_DIRECT_OBJC_ISA_USAGE = YES_ERROR;
				CLANG_WARN_DOCUMENTATION_COMMENTS = YES;
				CLANG_WARN_EMPTY_BODY = YES;
				CLANG_WARN_ENUM_CONVERSION = YES;
				CLANG_WARN_INFINITE_RECURSION = YES;
				CLANG_WARN_INT_CONVERSION = YES;
				CLANG_WARN_NON_LITERAL_NULL_CONVERSION = YES;
				CLANG_WARN_OBJC_IMPLICIT_RETAIN_SELF = YES;
				CLANG_WARN_OBJC_LITERAL_CONVERSION = YES;
				CLANG_WARN_OBJC_ROOT_CLASS = YES_ERROR;
				CLANG_WARN_RANGE_LOOP_ANALYSIS = YES;
				CLANG_WARN_STRICT_PROTOTYPES = YES;
				CLANG_WARN_SUSPICIOUS_MOVE = YES;
				CLANG_WARN_UNGUARDED_AVAILABILITY = YES_AGGRESSIVE;
				CLANG_WARN_UNREACHABLE_CODE = YES;
				CLANG_WARN__DUPLICATE_METHOD_MATCH = YES;
				CODE_SIGN_IDENTITY = "iPhone Developer";
				COPY_PHASE_STRIP = NO;
				DEBUG_INFORMATION_FORMAT = "dwarf-with-dsym";
				ENABLE_NS_ASSERTIONS = NO;
				ENABLE_STRICT_OBJC_MSGSEND = YES;
				GCC_C_LANGUAGE_STANDARD = gnu11;
				GCC_NO_COMMON_BLOCKS = YES;
				GCC_WARN_64_TO_32_BIT_CONVERSION = YES;
				GCC_WARN_ABOUT_RETURN_TYPE = YES_ERROR;
				GCC_WARN_UNDECLARED_SELECTOR = YES;
				GCC_WARN_UNINITIALIZED_AUTOS = YES_AGGRESSIVE;
				GCC_WARN_UNUSED_FUNCTION = YES;
				GCC_WARN_UNUSED_VARIABLE = YES;
				IPHONEOS_DEPLOYMENT_TARGET = 12.1;
				MTL_ENABLE_DEBUG_INFO = NO;
				MTL_FAST_MATH = YES;
				SDKROOT = iphoneos;
				VALIDATE_PRODUCT = YES;
			};
			name = Release;
		};
		285276F7225386B200346D32 /* Debug */ = {
			isa = XCBuildConfiguration;
			buildSettings = {
				ASSETCATALOG_COMPILER_APPICON_NAME = AppIcon;
				CODE_SIGN_STYLE = Automatic;
				DEVELOPMENT_TEAM = C8Z9C7T6GY;
				INFOPLIST_FILE = BackModeDemo/Info.plist;
				LD_RUNPATH_SEARCH_PATHS = (
					"$(inherited)",
					"@executable_path/Frameworks",
				);
				PRODUCT_BUNDLE_IDENTIFIER = com.song.BackModeDemo;
				PRODUCT_NAME = "$(TARGET_NAME)";
				TARGETED_DEVICE_FAMILY = "1,2";
			};
			name = Debug;
		};
		285276F8225386B200346D32 /* Release */ = {
			isa = XCBuildConfiguration;
			buildSettings = {
				ASSETCATALOG_COMPILER_APPICON_NAME = AppIcon;
				CODE_SIGN_STYLE = Automatic;
				DEVELOPMENT_TEAM = C8Z9C7T6GY;
				INFOPLIST_FILE = BackModeDemo/Info.plist;
				LD_RUNPATH_SEARCH_PATHS = (
					"$(inherited)",
					"@executable_path/Frameworks",
				);
				PRODUCT_BUNDLE_IDENTIFIER = com.song.BackModeDemo;
				PRODUCT_NAME = "$(TARGET_NAME)";
				TARGETED_DEVICE_FAMILY = "1,2";
			};
			name = Release;
		};
		285276FA225386B200346D32 /* Debug */ = {
			isa = XCBuildConfiguration;
			buildSettings = {
				BUNDLE_LOADER = "$(TEST_HOST)";
				CODE_SIGN_STYLE = Automatic;
				DEVELOPMENT_TEAM = 5495VC6BUY;
				INFOPLIST_FILE = BackModeDemoTests/Info.plist;
				LD_RUNPATH_SEARCH_PATHS = (
					"$(inherited)",
					"@executable_path/Frameworks",
					"@loader_path/Frameworks",
				);
				PRODUCT_BUNDLE_IDENTIFIER = com.song.BackModeDemoTests;
				PRODUCT_NAME = "$(TARGET_NAME)";
				TARGETED_DEVICE_FAMILY = "1,2";
				TEST_HOST = "$(BUILT_PRODUCTS_DIR)/BackModeDemo.app/BackModeDemo";
			};
			name = Debug;
		};
		285276FB225386B200346D32 /* Release */ = {
			isa = XCBuildConfiguration;
			buildSettings = {
				BUNDLE_LOADER = "$(TEST_HOST)";
				CODE_SIGN_STYLE = Automatic;
				DEVELOPMENT_TEAM = 5495VC6BUY;
				INFOPLIST_FILE = BackModeDemoTests/Info.plist;
				LD_RUNPATH_SEARCH_PATHS = (
					"$(inherited)",
					"@executable_path/Frameworks",
					"@loader_path/Frameworks",
				);
				PRODUCT_BUNDLE_IDENTIFIER = com.song.BackModeDemoTests;
				PRODUCT_NAME = "$(TARGET_NAME)";
				TARGETED_DEVICE_FAMILY = "1,2";
				TEST_HOST = "$(BUILT_PRODUCTS_DIR)/BackModeDemo.app/BackModeDemo";
			};
			name = Release;
		};
		285276FD225386B200346D32 /* Debug */ = {
			isa = XCBuildConfiguration;
			buildSettings = {
				CODE_SIGN_STYLE = Automatic;
				DEVELOPMENT_TEAM = 5495VC6BUY;
				INFOPLIST_FILE = BackModeDemoUITests/Info.plist;
				LD_RUNPATH_SEARCH_PATHS = (
					"$(inherited)",
					"@executable_path/Frameworks",
					"@loader_path/Frameworks",
				);
				PRODUCT_BUNDLE_IDENTIFIER = com.song.BackModeDemoUITests;
				PRODUCT_NAME = "$(TARGET_NAME)";
				TARGETED_DEVICE_FAMILY = "1,2";
				TEST_TARGET_NAME = BackModeDemo;
			};
			name = Debug;
		};
		285276FE225386B200346D32 /* Release */ = {
			isa = XCBuildConfiguration;
			buildSettings = {
				CODE_SIGN_STYLE = Automatic;
				DEVELOPMENT_TEAM = 5495VC6BUY;
				INFOPLIST_FILE = BackModeDemoUITests/Info.plist;
				LD_RUNPATH_SEARCH_PATHS = (
					"$(inherited)",
					"@executable_path/Frameworks",
					"@loader_path/Frameworks",
				);
				PRODUCT_BUNDLE_IDENTIFIER = com.song.BackModeDemoUITests;
				PRODUCT_NAME = "$(TARGET_NAME)";
				TARGETED_DEVICE_FAMILY = "1,2";
				TEST_TARGET_NAME = BackModeDemo;
			};
			name = Release;
		};
/* End XCBuildConfiguration section */

/* Begin XCConfigurationList section */
		285276C2225386B000346D32 /* Build configuration list for PBXProject "BackModeDemo" */ = {
			isa = XCConfigurationList;
			buildConfigurations = (
				285276F4225386B200346D32 /* Debug */,
				285276F5225386B200346D32 /* Release */,
			);
			defaultConfigurationIsVisible = 0;
			defaultConfigurationName = Release;
		};
		285276F6225386B200346D32 /* Build configuration list for PBXNativeTarget "BackModeDemo" */ = {
			isa = XCConfigurationList;
			buildConfigurations = (
				285276F7225386B200346D32 /* Debug */,
				285276F8225386B200346D32 /* Release */,
			);
			defaultConfigurationIsVisible = 0;
			defaultConfigurationName = Release;
		};
		285276F9225386B200346D32 /* Build configuration list for PBXNativeTarget "BackModeDemoTests" */ = {
			isa = XCConfigurationList;
			buildConfigurations = (
				285276FA225386B200346D32 /* Debug */,
				285276FB225386B200346D32 /* Release */,
			);
			defaultConfigurationIsVisible = 0;
			defaultConfigurationName = Release;
		};
		285276FC225386B200346D32 /* Build configuration list for PBXNativeTarget "BackModeDemoUITests" */ = {
			isa = XCConfigurationList;
			buildConfigurations = (
				285276FD225386B200346D32 /* Debug */,
				285276FE225386B200346D32 /* Release */,
			);
			defaultConfigurationIsVisible = 0;
			defaultConfigurationName = Release;
		};
/* End XCConfigurationList section */

/* Begin XCVersionGroup section */
		285276D3225386B100346D32 /* BackModeDemo.xcdatamodeld */ = {
			isa = XCVersionGroup;
			children = (
				285276D4225386B100346D32 /* BackModeDemo.xcdatamodel */,
			);
			currentVersion = 285276D4225386B100346D32 /* BackModeDemo.xcdatamodel */;
			path = BackModeDemo.xcdatamodeld;
			sourceTree = "<group>";
			versionGroupType = wrapper.xcdatamodel;
		};
/* End XCVersionGroup section */
	};
	rootObject = 285276BF225386B000346D32 /* Project object */;
}
